
Microsoft Visual Studio Solution File, Format Version 12.00
# Visual Studio 14
VisualStudioVersion = 14.0.25123.0
MinimumVisualStudioVersion = 10.0.40219.1
Project("{BBD0F5D1-1CC4-42FD-BA4C-A96779C64378}") = "SystemSetup", "SystemSetup\SystemSetup.synproj", "{78504DA9-412F-490B-B944-471209C6B25F}"
EndProject
Project("{2150E333-8FDC-42A3-9474-1A3956D46DE8}") = "Solution Items", "Solution Items", "{10036368-383E-4442-A84A-65827266025F}"
	ProjectSection(SolutionItems) = preProject
		Rps\rpsmain.is1 = Rps\rpsmain.is1
		Rps\rpsmain.ism = Rps\rpsmain.ism
		Rps\rpsmain.schema = Rps\rpsmain.schema
		Rps\rpstext.is1 = Rps\rpstext.is1
		Rps\rpstext.ism = Rps\rpstext.ism
		SymphonyExampleSolution.symproj = SymphonyExampleSolution.symproj
		SymphonyExampleSolution.symprojDefaults = SymphonyExampleSolution.symprojDefaults
	EndProjectSection
EndProject
Project("{BBD0F5D1-1CC4-42FD-BA4C-A96779C64378}") = "AppData_Server", "AppData_Server\AppData_Server.synproj", "{1C61E987-FBD9-49B8-B987-8A30D6EF3218}"
EndProject
Project("{BBD0F5D1-1CC4-42FD-BA4C-A96779C64378}") = "ProductViewer", "ProductViewer\ProductViewer.synproj", "{8B9F7D33-3D3B-423E-8004-9B504D3F3BC3}"
EndProject
Project("{BBD0F5D1-1CC4-42FD-BA4C-A96779C64378}") = "SFELauncher", "SFELauncher\SFELauncher.synproj", "{0F3B3A79-8A68-49C6-8363-FC20EE669AD6}"
EndProject
Project("{2150E333-8FDC-42A3-9474-1A3956D46DE8}") = "Product Images", "Product Images", "{C7D3C82C-BE2B-4B11-9533-8E28EEA388B1}"
	ProjectSection(SolutionItems) = preProject
		ProductImages\7UP001.jpg = ProductImages\7UP001.jpg
		ProductImages\7UP002.jpg = ProductImages\7UP002.jpg
		ProductImages\7UP003.jpg = ProductImages\7UP003.jpg
		ProductImages\COK001.jpg = ProductImages\COK001.jpg
		ProductImages\COK002.jpg = ProductImages\COK002.jpg
		ProductImages\COK003.jpg = ProductImages\COK003.jpg
		ProductImages\COK004.jpg = ProductImages\COK004.jpg
		ProductImages\COK005.jpg = ProductImages\COK005.jpg
		ProductImages\COK006.jpg = ProductImages\COK006.jpg
		ProductImages\CRISP1.jpg = ProductImages\CRISP1.jpg
		ProductImages\CRISP2.jpg = ProductImages\CRISP2.jpg
		ProductImages\CRISP3.jpg = ProductImages\CRISP3.jpg
	EndProjectSection
EndProject
Project("{2150E333-8FDC-42A3-9474-1A3956D46DE8}") = "AppImages", "AppImages", "{835BE6F7-80EA-4890-919B-64B3631501D8}"
	ProjectSection(SolutionItems) = preProject
		AppImages\1464464270_suppliers.png = AppImages\1464464270_suppliers.png
		AppImages\1464464469_inventory-maintenance.png = AppImages\1464464469_inventory-maintenance.png
		AppImages\1464464598_document.png = AppImages\1464464598_document.png
		AppImages\1464464651_1-02.png = AppImages\1464464651_1-02.png
		AppImages\1464464799_exit.png = AppImages\1464464799_exit.png
	EndProjectSection
EndProject
Project("{BBD0F5D1-1CC4-42FD-BA4C-A96779C64378}") = "SupplierViewer", "SupplierViewer\SupplierViewer.synproj", "{1DC18BDF-ED62-4C4F-8481-A2CE7A7D56F2}"
EndProject
Project("{BBD0F5D1-1CC4-42FD-BA4C-A96779C64378}") = "SupplierReport", "SupplierReport\SupplierReport.synproj", "{14590B9B-85D1-46A0-B3D0-88A823AF00EC}"
EndProject
Project("{BBD0F5D1-1CC4-42FD-BA4C-A96779C64378}") = "SFEBusinessLogic", "SFEBusinessLogic\SFEBusinessLogic.synproj", "{9EDB4004-E905-4259-AC18-5931D2A2385C}"
EndProject
Project("{BBD0F5D1-1CC4-42FD-BA4C-A96779C64378}") = "SFEUtilities", "SFEUtilities\SFEUtilities.synproj", "{D7ACAD11-026E-4DAA-ACF9-B481F8E298A3}"
EndProject
Global
	GlobalSection(SolutionConfigurationPlatforms) = preSolution
		Debug|Any CPU = Debug|Any CPU
		Release|Any CPU = Release|Any CPU
	EndGlobalSection
	GlobalSection(ProjectConfigurationPlatforms) = postSolution
		{78504DA9-412F-490B-B944-471209C6B25F}.Debug|Any CPU.ActiveCfg = Debug|Any CPU
		{78504DA9-412F-490B-B944-471209C6B25F}.Debug|Any CPU.Build.0 = Debug|Any CPU
		{78504DA9-412F-490B-B944-471209C6B25F}.Release|Any CPU.ActiveCfg = Release|Any CPU
		{78504DA9-412F-490B-B944-471209C6B25F}.Release|Any CPU.Build.0 = Release|Any CPU
		{1C61E987-FBD9-49B8-B987-8A30D6EF3218}.Debug|Any CPU.ActiveCfg = Debug|Any CPU
		{1C61E987-FBD9-49B8-B987-8A30D6EF3218}.Debug|Any CPU.Build.0 = Debug|Any CPU
		{1C61E987-FBD9-49B8-B987-8A30D6EF3218}.Release|Any CPU.ActiveCfg = Release|Any CPU
		{1C61E987-FBD9-49B8-B987-8A30D6EF3218}.Release|Any CPU.Build.0 = Release|Any CPU
		{8B9F7D33-3D3B-423E-8004-9B504D3F3BC3}.Debug|Any CPU.ActiveCfg = Debug|Any CPU
		{8B9F7D33-3D3B-423E-8004-9B504D3F3BC3}.Debug|Any CPU.Build.0 = Debug|Any CPU
		{8B9F7D33-3D3B-423E-8004-9B504D3F3BC3}.Release|Any CPU.ActiveCfg = Release|Any CPU
		{8B9F7D33-3D3B-423E-8004-9B504D3F3BC3}.Release|Any CPU.Build.0 = Release|Any CPU
		{0F3B3A79-8A68-49C6-8363-FC20EE669AD6}.Debug|Any CPU.ActiveCfg = Debug|Any CPU
		{0F3B3A79-8A68-49C6-8363-FC20EE669AD6}.Debug|Any CPU.Build.0 = Debug|Any CPU
		{0F3B3A79-8A68-49C6-8363-FC20EE669AD6}.Release|Any CPU.ActiveCfg = Release|Any CPU
		{0F3B3A79-8A68-49C6-8363-FC20EE669AD6}.Release|Any CPU.Build.0 = Release|Any CPU
		{1DC18BDF-ED62-4C4F-8481-A2CE7A7D56F2}.Debug|Any CPU.ActiveCfg = Debug|Any CPU
		{1DC18BDF-ED62-4C4F-8481-A2CE7A7D56F2}.Debug|Any CPU.Build.0 = Debug|Any CPU
		{1DC18BDF-ED62-4C4F-8481-A2CE7A7D56F2}.Release|Any CPU.ActiveCfg = Release|Any CPU
		{1DC18BDF-ED62-4C4F-8481-A2CE7A7D56F2}.Release|Any CPU.Build.0 = Release|Any CPU
		{14590B9B-85D1-46A0-B3D0-88A823AF00EC}.Debug|Any CPU.ActiveCfg = Debug|Any CPU
		{14590B9B-85D1-46A0-B3D0-88A823AF00EC}.Debug|Any CPU.Build.0 = Debug|Any CPU
		{14590B9B-85D1-46A0-B3D0-88A823AF00EC}.Release|Any CPU.ActiveCfg = Release|Any CPU
		{14590B9B-85D1-46A0-B3D0-88A823AF00EC}.Release|Any CPU.Build.0 = Release|Any CPU
		{9EDB4004-E905-4259-AC18-5931D2A2385C}.Debug|Any CPU.ActiveCfg = Debug|Any CPU
		{9EDB4004-E905-4259-AC18-5931D2A2385C}.Debug|Any CPU.Build.0 = Debug|Any CPU
		{9EDB4004-E905-4259-AC18-5931D2A2385C}.Release|Any CPU.ActiveCfg = Release|Any CPU
		{9EDB4004-E905-4259-AC18-5931D2A2385C}.Release|Any CPU.Build.0 = Release|Any CPU
		{D7ACAD11-026E-4DAA-ACF9-B481F8E298A3}.Debug|Any CPU.ActiveCfg = Debug|Any CPU
		{D7ACAD11-026E-4DAA-ACF9-B481F8E298A3}.Debug|Any CPU.Build.0 = Debug|Any CPU
		{D7ACAD11-026E-4DAA-ACF9-B481F8E298A3}.Release|Any CPU.ActiveCfg = Release|Any CPU
		{D7ACAD11-026E-4DAA-ACF9-B481F8E298A3}.Release|Any CPU.Build.0 = Release|Any CPU
	EndGlobalSection
	GlobalSection(SolutionProperties) = preSolution
		HideSolutionNode = FALSE
	EndGlobalSection
EndGlobal
