
Microsoft Visual Studio Solution File, Format Version 12.00
# Visual Studio 14
VisualStudioVersion = 14.0.25123.0
MinimumVisualStudioVersion = 10.0.40219.1
Project("{BBD0F5D1-1CC4-42FD-BA4C-A96779C64378}") = "SystemSetup", "SystemSetup\SystemSetup.synproj", "{78504DA9-412F-490B-B944-471209C6B25F}"
EndProject
Project("{2150E333-8FDC-42A3-9474-1A3956D46DE8}") = "Solution Items", "Solution Items", "{10036368-383E-4442-A84A-65827266025F}"
	ProjectSection(SolutionItems) = preProject
		Rps\rpsmain.is1 = Rps\rpsmain.is1
		Rps\rpsmain.ism = Rps\rpsmain.ism
		Rps\rpsmain.schema = Rps\rpsmain.schema
		Rps\rpstext.is1 = Rps\rpstext.is1
		Rps\rpstext.ism = Rps\rpstext.ism
		Templates\Symphony_Content.tpl = Templates\Symphony_Content.tpl
		Templates\Symphony_Data_v3_2.tpl = Templates\Symphony_Data_v3_2.tpl
		Templates\Symphony_DataFieldMapper.tpl = Templates\Symphony_DataFieldMapper.tpl
		Templates\Symphony_FileIO.tpl = Templates\Symphony_FileIO.tpl
		Templates\Symphony_Style_V3_2.tpl = Templates\Symphony_Style_V3_2.tpl
		SymphonyExampleSolution.symproj = SymphonyExampleSolution.symproj
		SymphonyExampleSolution.symprojDefaults = SymphonyExampleSolution.symprojDefaults
	EndProjectSection
EndProject
Project("{BBD0F5D1-1CC4-42FD-BA4C-A96779C64378}") = "AppData_Server", "AppData_Server\AppData_Server.synproj", "{1C61E987-FBD9-49B8-B987-8A30D6EF3218}"
EndProject
Project("{BBD0F5D1-1CC4-42FD-BA4C-A96779C64378}") = "ProductViewer", "ProductViewer\ProductViewer.synproj", "{8B9F7D33-3D3B-423E-8004-9B504D3F3BC3}"
EndProject
Project("{2150E333-8FDC-42A3-9474-1A3956D46DE8}") = "Product Images", "Product Images", "{C7D3C82C-BE2B-4B11-9533-8E28EEA388B1}"
	ProjectSection(SolutionItems) = preProject
		ProductImages\7UP001.jpg = ProductImages\7UP001.jpg
		ProductImages\7UP002.jpg = ProductImages\7UP002.jpg
		ProductImages\7UP003.jpg = ProductImages\7UP003.jpg
		ProductImages\COK001.jpg = ProductImages\COK001.jpg
		ProductImages\COK002.jpg = ProductImages\COK002.jpg
		ProductImages\COK003.jpg = ProductImages\COK003.jpg
		ProductImages\COK004.jpg = ProductImages\COK004.jpg
		ProductImages\COK005.jpg = ProductImages\COK005.jpg
		ProductImages\COK006.jpg = ProductImages\COK006.jpg
		ProductImages\CRISP1.jpg = ProductImages\CRISP1.jpg
		ProductImages\CRISP2.jpg = ProductImages\CRISP2.jpg
		ProductImages\CRISP3.jpg = ProductImages\CRISP3.jpg
	EndProjectSection
EndProject
Project("{2150E333-8FDC-42A3-9474-1A3956D46DE8}") = "AppImages", "AppImages", "{835BE6F7-80EA-4890-919B-64B3631501D8}"
	ProjectSection(SolutionItems) = preProject
		AppImages\1464464270_suppliers.png = AppImages\1464464270_suppliers.png
		AppImages\1464464469_inventory-maintenance.png = AppImages\1464464469_inventory-maintenance.png
		AppImages\1464464598_document.png = AppImages\1464464598_document.png
		AppImages\1464464651_1-02.png = AppImages\1464464651_1-02.png
		AppImages\1464464799_exit.png = AppImages\1464464799_exit.png
		AppImages\Group.png = AppImages\Group.png
	EndProjectSection
EndProject
Project("{BBD0F5D1-1CC4-42FD-BA4C-A96779C64378}") = "SFE_Base", "SFE_Base\SFE_Base.synproj", "{EE7B1BE6-CA7B-47D7-8CD9-837577C149C2}"
EndProject
Project("{BBD0F5D1-1CC4-42FD-BA4C-A96779C64378}") = "SFE_UI", "SFE_UI\SFE_UI.synproj", "{042C6FDF-2E91-4CBA-A1AC-336122022826}"
EndProject
Project("{BBD0F5D1-1CC4-42FD-BA4C-A96779C64378}") = "SFEAppShell", "SFEAppShell\SFEAppShell.synproj", "{6F55D996-58F7-4B8B-82EE-164137F93DAA}"
EndProject
Project("{BBD0F5D1-1CC4-42FD-BA4C-A96779C64378}") = "SFE_Supplier", "SEF_Supplier\SFE_Supplier.synproj", "{F3550F65-C577-48B4-A126-E375B144916F}"
EndProject
Project("{BBD0F5D1-1CC4-42FD-BA4C-A96779C64378}") = "SFEUtilities", "SFEUtilities\SFEUtilities.synproj", "{D7ACAD11-026E-4DAA-ACF9-B481F8E298A3}"
EndProject
Project("{BBD0F5D1-1CC4-42FD-BA4C-A96779C64378}") = "synPDF", "synPDF\synPDF.synproj", "{8E9FD290-EB76-487A-B920-1894456BFE30}"
EndProject
Project("{BBD0F5D1-1CC4-42FD-BA4C-A96779C64378}") = "SFE_Product", "SFE_Product\SFE_Product.synproj", "{D8748127-708B-4505-8F5C-7373961CD210}"
EndProject
Project("{BBD0F5D1-1CC4-42FD-BA4C-A96779C64378}") = "SFE_Group", "SFE_Group\SFE_Group.synproj", "{FFC1C590-E1AD-4B25-A78B-673FD68ADCD5}"
EndProject
Global
	GlobalSection(SolutionConfigurationPlatforms) = preSolution
		Debug|Any CPU = Debug|Any CPU
		Debug|x64 = Debug|x64
		Debug|x86 = Debug|x86
		Release|Any CPU = Release|Any CPU
		Release|x64 = Release|x64
		Release|x86 = Release|x86
	EndGlobalSection
	GlobalSection(ProjectConfigurationPlatforms) = postSolution
		{78504DA9-412F-490B-B944-471209C6B25F}.Debug|Any CPU.ActiveCfg = Debug|Any CPU
		{78504DA9-412F-490B-B944-471209C6B25F}.Debug|Any CPU.Build.0 = Debug|Any CPU
		{78504DA9-412F-490B-B944-471209C6B25F}.Debug|x64.ActiveCfg = Debug|x64
		{78504DA9-412F-490B-B944-471209C6B25F}.Debug|x64.Build.0 = Debug|x64
		{78504DA9-412F-490B-B944-471209C6B25F}.Debug|x86.ActiveCfg = Debug|x86
		{78504DA9-412F-490B-B944-471209C6B25F}.Debug|x86.Build.0 = Debug|x86
		{78504DA9-412F-490B-B944-471209C6B25F}.Release|Any CPU.ActiveCfg = Release|Any CPU
		{78504DA9-412F-490B-B944-471209C6B25F}.Release|Any CPU.Build.0 = Release|Any CPU
		{78504DA9-412F-490B-B944-471209C6B25F}.Release|x64.ActiveCfg = Release|x64
		{78504DA9-412F-490B-B944-471209C6B25F}.Release|x64.Build.0 = Release|x64
		{78504DA9-412F-490B-B944-471209C6B25F}.Release|x86.ActiveCfg = Release|x86
		{78504DA9-412F-490B-B944-471209C6B25F}.Release|x86.Build.0 = Release|x86
		{1C61E987-FBD9-49B8-B987-8A30D6EF3218}.Debug|Any CPU.ActiveCfg = Debug|Any CPU
		{1C61E987-FBD9-49B8-B987-8A30D6EF3218}.Debug|Any CPU.Build.0 = Debug|Any CPU
		{1C61E987-FBD9-49B8-B987-8A30D6EF3218}.Debug|x64.ActiveCfg = Debug|x64
		{1C61E987-FBD9-49B8-B987-8A30D6EF3218}.Debug|x64.Build.0 = Debug|x64
		{1C61E987-FBD9-49B8-B987-8A30D6EF3218}.Debug|x86.ActiveCfg = Debug|x86
		{1C61E987-FBD9-49B8-B987-8A30D6EF3218}.Debug|x86.Build.0 = Debug|x86
		{1C61E987-FBD9-49B8-B987-8A30D6EF3218}.Release|Any CPU.ActiveCfg = Release|Any CPU
		{1C61E987-FBD9-49B8-B987-8A30D6EF3218}.Release|Any CPU.Build.0 = Release|Any CPU
		{1C61E987-FBD9-49B8-B987-8A30D6EF3218}.Release|x64.ActiveCfg = Release|x64
		{1C61E987-FBD9-49B8-B987-8A30D6EF3218}.Release|x64.Build.0 = Release|x64
		{1C61E987-FBD9-49B8-B987-8A30D6EF3218}.Release|x86.ActiveCfg = Release|x86
		{1C61E987-FBD9-49B8-B987-8A30D6EF3218}.Release|x86.Build.0 = Release|x86
		{8B9F7D33-3D3B-423E-8004-9B504D3F3BC3}.Debug|Any CPU.ActiveCfg = Debug|Any CPU
		{8B9F7D33-3D3B-423E-8004-9B504D3F3BC3}.Debug|Any CPU.Build.0 = Debug|Any CPU
		{8B9F7D33-3D3B-423E-8004-9B504D3F3BC3}.Debug|x64.ActiveCfg = Debug|x64
		{8B9F7D33-3D3B-423E-8004-9B504D3F3BC3}.Debug|x64.Build.0 = Debug|x64
		{8B9F7D33-3D3B-423E-8004-9B504D3F3BC3}.Debug|x86.ActiveCfg = Debug|x86
		{8B9F7D33-3D3B-423E-8004-9B504D3F3BC3}.Debug|x86.Build.0 = Debug|x86
		{8B9F7D33-3D3B-423E-8004-9B504D3F3BC3}.Release|Any CPU.ActiveCfg = Release|Any CPU
		{8B9F7D33-3D3B-423E-8004-9B504D3F3BC3}.Release|Any CPU.Build.0 = Release|Any CPU
		{8B9F7D33-3D3B-423E-8004-9B504D3F3BC3}.Release|x64.ActiveCfg = Release|x64
		{8B9F7D33-3D3B-423E-8004-9B504D3F3BC3}.Release|x64.Build.0 = Release|x64
		{8B9F7D33-3D3B-423E-8004-9B504D3F3BC3}.Release|x86.ActiveCfg = Release|x86
		{8B9F7D33-3D3B-423E-8004-9B504D3F3BC3}.Release|x86.Build.0 = Release|x86
		{EE7B1BE6-CA7B-47D7-8CD9-837577C149C2}.Debug|Any CPU.ActiveCfg = Debug|Any CPU
		{EE7B1BE6-CA7B-47D7-8CD9-837577C149C2}.Debug|Any CPU.Build.0 = Debug|Any CPU
		{EE7B1BE6-CA7B-47D7-8CD9-837577C149C2}.Debug|x64.ActiveCfg = Debug|x64
		{EE7B1BE6-CA7B-47D7-8CD9-837577C149C2}.Debug|x64.Build.0 = Debug|x64
		{EE7B1BE6-CA7B-47D7-8CD9-837577C149C2}.Debug|x86.ActiveCfg = Debug|Any CPU
		{EE7B1BE6-CA7B-47D7-8CD9-837577C149C2}.Debug|x86.Build.0 = Debug|Any CPU
		{EE7B1BE6-CA7B-47D7-8CD9-837577C149C2}.Release|Any CPU.ActiveCfg = Release|Any CPU
		{EE7B1BE6-CA7B-47D7-8CD9-837577C149C2}.Release|Any CPU.Build.0 = Release|Any CPU
		{EE7B1BE6-CA7B-47D7-8CD9-837577C149C2}.Release|x64.ActiveCfg = Release|Any CPU
		{EE7B1BE6-CA7B-47D7-8CD9-837577C149C2}.Release|x64.Build.0 = Release|Any CPU
		{EE7B1BE6-CA7B-47D7-8CD9-837577C149C2}.Release|x86.ActiveCfg = Release|Any CPU
		{EE7B1BE6-CA7B-47D7-8CD9-837577C149C2}.Release|x86.Build.0 = Release|Any CPU
		{042C6FDF-2E91-4CBA-A1AC-336122022826}.Debug|Any CPU.ActiveCfg = Debug|Any CPU
		{042C6FDF-2E91-4CBA-A1AC-336122022826}.Debug|Any CPU.Build.0 = Debug|Any CPU
		{042C6FDF-2E91-4CBA-A1AC-336122022826}.Debug|x64.ActiveCfg = Debug|x64
		{042C6FDF-2E91-4CBA-A1AC-336122022826}.Debug|x64.Build.0 = Debug|x64
		{042C6FDF-2E91-4CBA-A1AC-336122022826}.Debug|x86.ActiveCfg = Debug|Any CPU
		{042C6FDF-2E91-4CBA-A1AC-336122022826}.Debug|x86.Build.0 = Debug|Any CPU
		{042C6FDF-2E91-4CBA-A1AC-336122022826}.Release|Any CPU.ActiveCfg = Release|Any CPU
		{042C6FDF-2E91-4CBA-A1AC-336122022826}.Release|Any CPU.Build.0 = Release|Any CPU
		{042C6FDF-2E91-4CBA-A1AC-336122022826}.Release|x64.ActiveCfg = Release|Any CPU
		{042C6FDF-2E91-4CBA-A1AC-336122022826}.Release|x64.Build.0 = Release|Any CPU
		{042C6FDF-2E91-4CBA-A1AC-336122022826}.Release|x86.ActiveCfg = Release|Any CPU
		{042C6FDF-2E91-4CBA-A1AC-336122022826}.Release|x86.Build.0 = Release|Any CPU
		{6F55D996-58F7-4B8B-82EE-164137F93DAA}.Debug|Any CPU.ActiveCfg = Debug|Any CPU
		{6F55D996-58F7-4B8B-82EE-164137F93DAA}.Debug|Any CPU.Build.0 = Debug|Any CPU
		{6F55D996-58F7-4B8B-82EE-164137F93DAA}.Debug|x64.ActiveCfg = Debug|x64
		{6F55D996-58F7-4B8B-82EE-164137F93DAA}.Debug|x64.Build.0 = Debug|x64
		{6F55D996-58F7-4B8B-82EE-164137F93DAA}.Debug|x86.ActiveCfg = Debug|Any CPU
		{6F55D996-58F7-4B8B-82EE-164137F93DAA}.Debug|x86.Build.0 = Debug|Any CPU
		{6F55D996-58F7-4B8B-82EE-164137F93DAA}.Release|Any CPU.ActiveCfg = Release|Any CPU
		{6F55D996-58F7-4B8B-82EE-164137F93DAA}.Release|Any CPU.Build.0 = Release|Any CPU
		{6F55D996-58F7-4B8B-82EE-164137F93DAA}.Release|x64.ActiveCfg = Release|Any CPU
		{6F55D996-58F7-4B8B-82EE-164137F93DAA}.Release|x64.Build.0 = Release|Any CPU
		{6F55D996-58F7-4B8B-82EE-164137F93DAA}.Release|x86.ActiveCfg = Release|Any CPU
		{6F55D996-58F7-4B8B-82EE-164137F93DAA}.Release|x86.Build.0 = Release|Any CPU
		{F3550F65-C577-48B4-A126-E375B144916F}.Debug|Any CPU.ActiveCfg = Debug|Any CPU
		{F3550F65-C577-48B4-A126-E375B144916F}.Debug|Any CPU.Build.0 = Debug|Any CPU
		{F3550F65-C577-48B4-A126-E375B144916F}.Debug|x64.ActiveCfg = Debug|x64
		{F3550F65-C577-48B4-A126-E375B144916F}.Debug|x64.Build.0 = Debug|x64
		{F3550F65-C577-48B4-A126-E375B144916F}.Debug|x86.ActiveCfg = Debug|Any CPU
		{F3550F65-C577-48B4-A126-E375B144916F}.Debug|x86.Build.0 = Debug|Any CPU
		{F3550F65-C577-48B4-A126-E375B144916F}.Release|Any CPU.ActiveCfg = Release|Any CPU
		{F3550F65-C577-48B4-A126-E375B144916F}.Release|Any CPU.Build.0 = Release|Any CPU
		{F3550F65-C577-48B4-A126-E375B144916F}.Release|x64.ActiveCfg = Release|Any CPU
		{F3550F65-C577-48B4-A126-E375B144916F}.Release|x64.Build.0 = Release|Any CPU
		{F3550F65-C577-48B4-A126-E375B144916F}.Release|x86.ActiveCfg = Release|Any CPU
		{F3550F65-C577-48B4-A126-E375B144916F}.Release|x86.Build.0 = Release|Any CPU
		{D7ACAD11-026E-4DAA-ACF9-B481F8E298A3}.Debug|Any CPU.ActiveCfg = Debug|Any CPU
		{D7ACAD11-026E-4DAA-ACF9-B481F8E298A3}.Debug|Any CPU.Build.0 = Debug|Any CPU
		{D7ACAD11-026E-4DAA-ACF9-B481F8E298A3}.Debug|x64.ActiveCfg = Debug|x64
		{D7ACAD11-026E-4DAA-ACF9-B481F8E298A3}.Debug|x64.Build.0 = Debug|x64
		{D7ACAD11-026E-4DAA-ACF9-B481F8E298A3}.Debug|x86.ActiveCfg = Debug|x86
		{D7ACAD11-026E-4DAA-ACF9-B481F8E298A3}.Debug|x86.Build.0 = Debug|x86
		{D7ACAD11-026E-4DAA-ACF9-B481F8E298A3}.Release|Any CPU.ActiveCfg = Release|Any CPU
		{D7ACAD11-026E-4DAA-ACF9-B481F8E298A3}.Release|Any CPU.Build.0 = Release|Any CPU
		{D7ACAD11-026E-4DAA-ACF9-B481F8E298A3}.Release|x64.ActiveCfg = Release|x64
		{D7ACAD11-026E-4DAA-ACF9-B481F8E298A3}.Release|x64.Build.0 = Release|x64
		{D7ACAD11-026E-4DAA-ACF9-B481F8E298A3}.Release|x86.ActiveCfg = Release|x86
		{D7ACAD11-026E-4DAA-ACF9-B481F8E298A3}.Release|x86.Build.0 = Release|x86
		{8E9FD290-EB76-487A-B920-1894456BFE30}.Debug|Any CPU.ActiveCfg = Debug|Any CPU
		{8E9FD290-EB76-487A-B920-1894456BFE30}.Debug|Any CPU.Build.0 = Debug|Any CPU
		{8E9FD290-EB76-487A-B920-1894456BFE30}.Debug|x64.ActiveCfg = Debug|x64
		{8E9FD290-EB76-487A-B920-1894456BFE30}.Debug|x64.Build.0 = Debug|x64
		{8E9FD290-EB76-487A-B920-1894456BFE30}.Debug|x86.ActiveCfg = Debug|x86
		{8E9FD290-EB76-487A-B920-1894456BFE30}.Debug|x86.Build.0 = Debug|x86
		{8E9FD290-EB76-487A-B920-1894456BFE30}.Release|Any CPU.ActiveCfg = Release|Any CPU
		{8E9FD290-EB76-487A-B920-1894456BFE30}.Release|Any CPU.Build.0 = Release|Any CPU
		{8E9FD290-EB76-487A-B920-1894456BFE30}.Release|x64.ActiveCfg = Release|x64
		{8E9FD290-EB76-487A-B920-1894456BFE30}.Release|x64.Build.0 = Release|x64
		{8E9FD290-EB76-487A-B920-1894456BFE30}.Release|x86.ActiveCfg = Release|x86
		{8E9FD290-EB76-487A-B920-1894456BFE30}.Release|x86.Build.0 = Release|x86
		{D8748127-708B-4505-8F5C-7373961CD210}.Debug|Any CPU.ActiveCfg = Debug|Any CPU
		{D8748127-708B-4505-8F5C-7373961CD210}.Debug|Any CPU.Build.0 = Debug|Any CPU
		{D8748127-708B-4505-8F5C-7373961CD210}.Debug|x64.ActiveCfg = Debug|x64
		{D8748127-708B-4505-8F5C-7373961CD210}.Debug|x64.Build.0 = Debug|x64
		{D8748127-708B-4505-8F5C-7373961CD210}.Debug|x86.ActiveCfg = Debug|Any CPU
		{D8748127-708B-4505-8F5C-7373961CD210}.Debug|x86.Build.0 = Debug|Any CPU
		{D8748127-708B-4505-8F5C-7373961CD210}.Release|Any CPU.ActiveCfg = Release|Any CPU
		{D8748127-708B-4505-8F5C-7373961CD210}.Release|Any CPU.Build.0 = Release|Any CPU
		{D8748127-708B-4505-8F5C-7373961CD210}.Release|x64.ActiveCfg = Release|Any CPU
		{D8748127-708B-4505-8F5C-7373961CD210}.Release|x64.Build.0 = Release|Any CPU
		{D8748127-708B-4505-8F5C-7373961CD210}.Release|x86.ActiveCfg = Release|Any CPU
		{D8748127-708B-4505-8F5C-7373961CD210}.Release|x86.Build.0 = Release|Any CPU
		{FFC1C590-E1AD-4B25-A78B-673FD68ADCD5}.Debug|Any CPU.ActiveCfg = Debug|Any CPU
		{FFC1C590-E1AD-4B25-A78B-673FD68ADCD5}.Debug|Any CPU.Build.0 = Debug|Any CPU
		{FFC1C590-E1AD-4B25-A78B-673FD68ADCD5}.Debug|x64.ActiveCfg = Debug|x64
		{FFC1C590-E1AD-4B25-A78B-673FD68ADCD5}.Debug|x64.Build.0 = Debug|x64
		{FFC1C590-E1AD-4B25-A78B-673FD68ADCD5}.Debug|x86.ActiveCfg = Debug|Any CPU
		{FFC1C590-E1AD-4B25-A78B-673FD68ADCD5}.Debug|x86.Build.0 = Debug|Any CPU
		{FFC1C590-E1AD-4B25-A78B-673FD68ADCD5}.Release|Any CPU.ActiveCfg = Release|Any CPU
		{FFC1C590-E1AD-4B25-A78B-673FD68ADCD5}.Release|Any CPU.Build.0 = Release|Any CPU
		{FFC1C590-E1AD-4B25-A78B-673FD68ADCD5}.Release|x64.ActiveCfg = Release|Any CPU
		{FFC1C590-E1AD-4B25-A78B-673FD68ADCD5}.Release|x64.Build.0 = Release|Any CPU
		{FFC1C590-E1AD-4B25-A78B-673FD68ADCD5}.Release|x86.ActiveCfg = Release|Any CPU
		{FFC1C590-E1AD-4B25-A78B-673FD68ADCD5}.Release|x86.Build.0 = Release|Any CPU
	EndGlobalSection
	GlobalSection(SolutionProperties) = preSolution
		HideSolutionNode = FALSE
	EndGlobalSection
EndGlobal
